
Microsoft Visual Studio Solution File, Format Version 12.00
# Visual Studio Version 17
VisualStudioVersion = 17.4.33213.308
MinimumVisualStudioVersion = 10.0.40219.1
Project("{9A19103F-16F7-4668-BE54-9A1E7A4F7556}") = "KampIntro", "KampIntro\KampIntro.csproj", "{289A41B9-4B29-482A-9D03-1C0763D2FA52}"
EndProject
Project("{9A19103F-16F7-4668-BE54-9A1E7A4F7556}") = "Donguler", "Donguler\Donguler.csproj", "{54FBD774-D785-4F1E-9C79-9CE46389598C}"
EndProject
Project("{9A19103F-16F7-4668-BE54-9A1E7A4F7556}") = "ClassIntro", "ClassIntro\ClassIntro.csproj", "{6543EA4C-6FBB-4481-87C7-33331279EA8D}"
EndProject
Project("{9A19103F-16F7-4668-BE54-9A1E7A4F7556}") = "Metotlar", "Metotlar\Metotlar.csproj", "{C0BD97CF-E4A2-4E71-A316-BF9CF67E1AF0}"
EndProject
Project("{9A19103F-16F7-4668-BE54-9A1E7A4F7556}") = "Matematik", "Matematik\Matematik.csproj", "{DB631583-EC63-46AA-8CF1-73DDBC9867C4}"
EndProject
Project("{9A19103F-16F7-4668-BE54-9A1E7A4F7556}") = "DegerVeReferansTipler", "DegerVeReferansTipler\DegerVeReferansTipler.csproj", "{D5B402B4-7AF5-4CEF-A2A0-011A3C84452D}"
EndProject
Project("{9A19103F-16F7-4668-BE54-9A1E7A4F7556}") = "OOP1", "OOP1\OOP1.csproj", "{C61D3C6D-790A-4121-BEE8-AFE1C8DF39AD}"
EndProject
Project("{FAE04EC0-301F-11D3-BF4B-00C04F79EFBC}") = "Koleksiyonlar", "Koleksiyonlar\Koleksiyonlar.csproj", "{38395F52-12D4-4399-BA0A-7AD0CCB191AA}"
EndProject
Project("{FAE04EC0-301F-11D3-BF4B-00C04F79EFBC}") = "GenericsIntro", "GenericsIntro\GenericsIntro.csproj", "{A7A06653-3316-4272-809B-15176A0056C9}"
EndProject
Global
	GlobalSection(SolutionConfigurationPlatforms) = preSolution
		Debug|Any CPU = Debug|Any CPU
		Release|Any CPU = Release|Any CPU
	EndGlobalSection
	GlobalSection(ProjectConfigurationPlatforms) = postSolution
		{289A41B9-4B29-482A-9D03-1C0763D2FA52}.Debug|Any CPU.ActiveCfg = Debug|Any CPU
		{289A41B9-4B29-482A-9D03-1C0763D2FA52}.Debug|Any CPU.Build.0 = Debug|Any CPU
		{289A41B9-4B29-482A-9D03-1C0763D2FA52}.Release|Any CPU.ActiveCfg = Release|Any CPU
		{289A41B9-4B29-482A-9D03-1C0763D2FA52}.Release|Any CPU.Build.0 = Release|Any CPU
		{54FBD774-D785-4F1E-9C79-9CE46389598C}.Debug|Any CPU.ActiveCfg = Debug|Any CPU
		{54FBD774-D785-4F1E-9C79-9CE46389598C}.Debug|Any CPU.Build.0 = Debug|Any CPU
		{54FBD774-D785-4F1E-9C79-9CE46389598C}.Release|Any CPU.ActiveCfg = Release|Any CPU
		{54FBD774-D785-4F1E-9C79-9CE46389598C}.Release|Any CPU.Build.0 = Release|Any CPU
		{6543EA4C-6FBB-4481-87C7-33331279EA8D}.Debug|Any CPU.ActiveCfg = Debug|Any CPU
		{6543EA4C-6FBB-4481-87C7-33331279EA8D}.Debug|Any CPU.Build.0 = Debug|Any CPU
		{6543EA4C-6FBB-4481-87C7-33331279EA8D}.Release|Any CPU.ActiveCfg = Release|Any CPU
		{6543EA4C-6FBB-4481-87C7-33331279EA8D}.Release|Any CPU.Build.0 = Release|Any CPU
		{C0BD97CF-E4A2-4E71-A316-BF9CF67E1AF0}.Debug|Any CPU.ActiveCfg = Debug|Any CPU
		{C0BD97CF-E4A2-4E71-A316-BF9CF67E1AF0}.Debug|Any CPU.Build.0 = Debug|Any CPU
		{C0BD97CF-E4A2-4E71-A316-BF9CF67E1AF0}.Release|Any CPU.ActiveCfg = Release|Any CPU
		{C0BD97CF-E4A2-4E71-A316-BF9CF67E1AF0}.Release|Any CPU.Build.0 = Release|Any CPU
		{DB631583-EC63-46AA-8CF1-73DDBC9867C4}.Debug|Any CPU.ActiveCfg = Debug|Any CPU
		{DB631583-EC63-46AA-8CF1-73DDBC9867C4}.Debug|Any CPU.Build.0 = Debug|Any CPU
		{DB631583-EC63-46AA-8CF1-73DDBC9867C4}.Release|Any CPU.ActiveCfg = Release|Any CPU
		{DB631583-EC63-46AA-8CF1-73DDBC9867C4}.Release|Any CPU.Build.0 = Release|Any CPU
		{D5B402B4-7AF5-4CEF-A2A0-011A3C84452D}.Debug|Any CPU.ActiveCfg = Debug|Any CPU
		{D5B402B4-7AF5-4CEF-A2A0-011A3C84452D}.Debug|Any CPU.Build.0 = Debug|Any CPU
		{D5B402B4-7AF5-4CEF-A2A0-011A3C84452D}.Release|Any CPU.ActiveCfg = Release|Any CPU
		{D5B402B4-7AF5-4CEF-A2A0-011A3C84452D}.Release|Any CPU.Build.0 = Release|Any CPU
		{C61D3C6D-790A-4121-BEE8-AFE1C8DF39AD}.Debug|Any CPU.ActiveCfg = Debug|Any CPU
		{C61D3C6D-790A-4121-BEE8-AFE1C8DF39AD}.Debug|Any CPU.Build.0 = Debug|Any CPU
		{C61D3C6D-790A-4121-BEE8-AFE1C8DF39AD}.Release|Any CPU.ActiveCfg = Release|Any CPU
		{C61D3C6D-790A-4121-BEE8-AFE1C8DF39AD}.Release|Any CPU.Build.0 = Release|Any CPU
		{38395F52-12D4-4399-BA0A-7AD0CCB191AA}.Debug|Any CPU.ActiveCfg = Debug|Any CPU
		{38395F52-12D4-4399-BA0A-7AD0CCB191AA}.Debug|Any CPU.Build.0 = Debug|Any CPU
		{38395F52-12D4-4399-BA0A-7AD0CCB191AA}.Release|Any CPU.ActiveCfg = Release|Any CPU
		{38395F52-12D4-4399-BA0A-7AD0CCB191AA}.Release|Any CPU.Build.0 = Release|Any CPU
		{A7A06653-3316-4272-809B-15176A0056C9}.Debug|Any CPU.ActiveCfg = Debug|Any CPU
		{A7A06653-3316-4272-809B-15176A0056C9}.Debug|Any CPU.Build.0 = Debug|Any CPU
		{A7A06653-3316-4272-809B-15176A0056C9}.Release|Any CPU.ActiveCfg = Release|Any CPU
		{A7A06653-3316-4272-809B-15176A0056C9}.Release|Any CPU.Build.0 = Release|Any CPU
	EndGlobalSection
	GlobalSection(SolutionProperties) = preSolution
		HideSolutionNode = FALSE
	EndGlobalSection
	GlobalSection(ExtensibilityGlobals) = postSolution
		SolutionGuid = {03BAD754-249E-4AAB-A6F5-897459AEEEA6}
	EndGlobalSection
EndGlobal
